
Microsoft Visual Studio Solution File, Format Version 12.00
# Visual Studio Version 17
VisualStudioVersion = 17.5.33627.172
MinimumVisualStudioVersion = 10.0.40219.1
Project("{FAE04EC0-301F-11D3-BF4B-00C04F79EFBC}") = "Entities", "Entities\Entities.csproj", "{3A2AE7AB-3C3D-4A48-960D-B7BF9EFE60FB}"
EndProject
Project("{2150E333-8FDC-42A3-9474-1A3956D46DE8}") = "1-Apis", "1-Apis", "{94E8EE8A-B3CE-4207-AE5B-72A46ADCE5F7}"
EndProject
Project("{2150E333-8FDC-42A3-9474-1A3956D46DE8}") = "2-Domain", "2-Domain", "{9BB09DAD-C2E5-46D3-A555-0FA88D537AFE}"
EndProject
Project("{2150E333-8FDC-42A3-9474-1A3956D46DE8}") = "3-Infra", "3-Infra", "{9563CC7F-6E91-4EAE-AF0B-123FE2D7F48A}"
EndProject
Project("{2150E333-8FDC-42A3-9474-1A3956D46DE8}") = "4-Entities", "4-Entities", "{2C207C7B-1FD4-4F6C-B57C-BD4EC5B4610B}"
EndProject
Project("{2150E333-8FDC-42A3-9474-1A3956D46DE8}") = "5-Test", "5-Test", "{81C0517A-1F88-41D4-BD0F-9CA2AAACAEEA}"
EndProject
Project("{FAE04EC0-301F-11D3-BF4B-00C04F79EFBC}") = "Infraestructure", "Infraestructure\Infraestructure.csproj", "{5FC8E5B6-F1FB-4589-9EBE-DAFFC663CA94}"
EndProject
Project("{FAE04EC0-301F-11D3-BF4B-00C04F79EFBC}") = "Domain", "Domain\Domain.csproj", "{A12BE1F2-7C4B-4072-8011-64AABF8B6553}"
EndProject
Project("{FAE04EC0-301F-11D3-BF4B-00C04F79EFBC}") = "WebAPIs", "WebAPIs\WebAPIs.csproj", "{158DF759-D928-4451-A872-CDE0AF6B8F1C}"
EndProject
Global
	GlobalSection(SolutionConfigurationPlatforms) = preSolution
		Debug|Any CPU = Debug|Any CPU
		Release|Any CPU = Release|Any CPU
	EndGlobalSection
	GlobalSection(ProjectConfigurationPlatforms) = postSolution
		{3A2AE7AB-3C3D-4A48-960D-B7BF9EFE60FB}.Debug|Any CPU.ActiveCfg = Debug|Any CPU
		{3A2AE7AB-3C3D-4A48-960D-B7BF9EFE60FB}.Debug|Any CPU.Build.0 = Debug|Any CPU
		{3A2AE7AB-3C3D-4A48-960D-B7BF9EFE60FB}.Release|Any CPU.ActiveCfg = Release|Any CPU
		{3A2AE7AB-3C3D-4A48-960D-B7BF9EFE60FB}.Release|Any CPU.Build.0 = Release|Any CPU
		{5FC8E5B6-F1FB-4589-9EBE-DAFFC663CA94}.Debug|Any CPU.ActiveCfg = Debug|Any CPU
		{5FC8E5B6-F1FB-4589-9EBE-DAFFC663CA94}.Debug|Any CPU.Build.0 = Debug|Any CPU
		{5FC8E5B6-F1FB-4589-9EBE-DAFFC663CA94}.Release|Any CPU.ActiveCfg = Release|Any CPU
		{5FC8E5B6-F1FB-4589-9EBE-DAFFC663CA94}.Release|Any CPU.Build.0 = Release|Any CPU
		{A12BE1F2-7C4B-4072-8011-64AABF8B6553}.Debug|Any CPU.ActiveCfg = Debug|Any CPU
		{A12BE1F2-7C4B-4072-8011-64AABF8B6553}.Debug|Any CPU.Build.0 = Debug|Any CPU
		{A12BE1F2-7C4B-4072-8011-64AABF8B6553}.Release|Any CPU.ActiveCfg = Release|Any CPU
		{A12BE1F2-7C4B-4072-8011-64AABF8B6553}.Release|Any CPU.Build.0 = Release|Any CPU
		{158DF759-D928-4451-A872-CDE0AF6B8F1C}.Debug|Any CPU.ActiveCfg = Debug|Any CPU
		{158DF759-D928-4451-A872-CDE0AF6B8F1C}.Debug|Any CPU.Build.0 = Debug|Any CPU
		{158DF759-D928-4451-A872-CDE0AF6B8F1C}.Release|Any CPU.ActiveCfg = Release|Any CPU
		{158DF759-D928-4451-A872-CDE0AF6B8F1C}.Release|Any CPU.Build.0 = Release|Any CPU
	EndGlobalSection
	GlobalSection(SolutionProperties) = preSolution
		HideSolutionNode = FALSE
	EndGlobalSection
	GlobalSection(NestedProjects) = preSolution
		{3A2AE7AB-3C3D-4A48-960D-B7BF9EFE60FB} = {2C207C7B-1FD4-4F6C-B57C-BD4EC5B4610B}
		{5FC8E5B6-F1FB-4589-9EBE-DAFFC663CA94} = {9563CC7F-6E91-4EAE-AF0B-123FE2D7F48A}
		{A12BE1F2-7C4B-4072-8011-64AABF8B6553} = {9BB09DAD-C2E5-46D3-A555-0FA88D537AFE}
		{158DF759-D928-4451-A872-CDE0AF6B8F1C} = {94E8EE8A-B3CE-4207-AE5B-72A46ADCE5F7}
	EndGlobalSection
	GlobalSection(ExtensibilityGlobals) = postSolution
		SolutionGuid = {AB8F2786-D367-413D-8624-E2822431A985}
	EndGlobalSection
EndGlobal
